
Microsoft Visual Studio Solution File, Format Version 12.00
# Visual Studio Version 16
VisualStudioVersion = 16.0.29728.190
MinimumVisualStudioVersion = 10.0.40219.1
Project("{FAE04EC0-301F-11D3-BF4B-00C04F79EFBC}") = "LINQProblems", "LINQProblems\LINQProblems.csproj", "{ECD10CCD-616E-4EDF-AC9C-4EAF81280B7D}"
EndProject
Global
	GlobalSection(SolutionConfigurationPlatforms) = preSolution
		Debug|Any CPU = Debug|Any CPU
		Release|Any CPU = Release|Any CPU
	EndGlobalSection
	GlobalSection(ProjectConfigurationPlatforms) = postSolution
		{ECD10CCD-616E-4EDF-AC9C-4EAF81280B7D}.Debug|Any CPU.ActiveCfg = Debug|Any CPU
		{ECD10CCD-616E-4EDF-AC9C-4EAF81280B7D}.Debug|Any CPU.Build.0 = Debug|Any CPU
		{ECD10CCD-616E-4EDF-AC9C-4EAF81280B7D}.Release|Any CPU.ActiveCfg = Release|Any CPU
		{ECD10CCD-616E-4EDF-AC9C-4EAF81280B7D}.Release|Any CPU.Build.0 = Release|Any CPU
	EndGlobalSection
	GlobalSection(SolutionProperties) = preSolution
		HideSolutionNode = FALSE
	EndGlobalSection
	GlobalSection(ExtensibilityGlobals) = postSolution
		SolutionGuid = {CE9DC93B-5CD5-4249-94C9-DD9B9558481A}
	EndGlobalSection
EndGlobal
